hash: ce5e69c57bc3a869b830dff57fbddab03f429b9270869c584672a0b7f9eca9fc
updated: 2016-07-11T16:16:58.068324695+02:00
imports:
- name: github.com/dustin/go-humanize
  version: fef948f2d241bd1fd0631108ecc2c9553bae60bf
- name: github.com/fatih/color
  version: 533cd7fd8a85905f67a1753afb4deddc85ea174f
  repo: https://github.com/fatih/color
- name: github.com/mattn/go-colorable
  version: 9cbef7c35391cca05f15f8181dc0b18bc9736dbb
  repo: https://github.com/mattn/go-colorable
- name: github.com/mattn/go-isatty
  version: 56b76bdf51f7708750eac80fa38b952bb9f32639
  repo: https://github.com/mattn/go-isatty
- name: github.com/mattn/go-zglob
  version: 2dbd7f37a45e993d5180a251b4bdd314d6333b70
- name: github.com/mh-cbon/verbose
  version: e6234133f9e61b35b674aef4ee3d104e5d319757
  subpackages:
  - color
  - printer
- name: github.com/urfave/cli
  version: 1efa31f08b9333f1bd4882d61f9d668a70cd902e
- name: golang.org/x/sys
  version: a408501be4d17ee978c04a618e7a1b22af058c0e
  subpackages:
  - unix
devImports: []
